
Microsoft Visual Studio Solution File, Format Version 12.00
# Visual Studio Version 17
VisualStudioVersion = 17.6.33829.357
MinimumVisualStudioVersion = 10.0.40219.1
Project("{8BC9CEB8-8B4A-11D0-8D11-00A0C91BC942}") = "OMP_Task-7", "OMP_Task-7.vcxproj", "{BA532957-A756-4496-9FCD-BB5B34488DBA}"
EndProject
Global
	GlobalSection(SolutionConfigurationPlatforms) = preSolution
		Debug|x64 = Debug|x64
		Debug|x86 = Debug|x86
		Release|x64 = Release|x64
		Release|x86 = Release|x86
	EndGlobalSection
	GlobalSection(ProjectConfigurationPlatforms) = postSolution
		{BA532957-A756-4496-9FCD-BB5B34488DBA}.Debug|x64.ActiveCfg = Debug|x64
		{BA532957-A756-4496-9FCD-BB5B34488DBA}.Debug|x64.Build.0 = Debug|x64
		{BA532957-A756-4496-9FCD-BB5B34488DBA}.Debug|x86.ActiveCfg = Debug|Win32
		{BA532957-A756-4496-9FCD-BB5B34488DBA}.Debug|x86.Build.0 = Debug|Win32
		{BA532957-A756-4496-9FCD-BB5B34488DBA}.Release|x64.ActiveCfg = Release|x64
		{BA532957-A756-4496-9FCD-BB5B34488DBA}.Release|x64.Build.0 = Release|x64
		{BA532957-A756-4496-9FCD-BB5B34488DBA}.Release|x86.ActiveCfg = Release|Win32
		{BA532957-A756-4496-9FCD-BB5B34488DBA}.Release|x86.Build.0 = Release|Win32
	EndGlobalSection
	GlobalSection(SolutionProperties) = preSolution
		HideSolutionNode = FALSE
	EndGlobalSection
	GlobalSection(ExtensibilityGlobals) = postSolution
		SolutionGuid = {AFB6C8DE-B6A9-4919-9BCF-6E32424EB54C}
	EndGlobalSection
EndGlobal
